
Microsoft Visual Studio Solution File, Format Version 12.00
# Visual Studio Version 17
VisualStudioVersion = 17.5.002.0
MinimumVisualStudioVersion = 10.0.40219.1
Project("{9A19103F-16F7-4668-BE54-9A1E7A4F7556}") = "MyStore", "MyStore.csproj", "{1A2C8302-80DF-4609-B730-F90AC9A996DB}"
EndProject
Global
	GlobalSection(SolutionConfigurationPlatforms) = preSolution
		Debug|Any CPU = Debug|Any CPU
		Release|Any CPU = Release|Any CPU
	EndGlobalSection
	GlobalSection(ProjectConfigurationPlatforms) = postSolution
		{1A2C8302-80DF-4609-B730-F90AC9A996DB}.Debug|Any CPU.ActiveCfg = Debug|Any CPU
		{1A2C8302-80DF-4609-B730-F90AC9A996DB}.Debug|Any CPU.Build.0 = Debug|Any CPU
		{1A2C8302-80DF-4609-B730-F90AC9A996DB}.Release|Any CPU.ActiveCfg = Release|Any CPU
		{1A2C8302-80DF-4609-B730-F90AC9A996DB}.Release|Any CPU.Build.0 = Release|Any CPU
	EndGlobalSection
	GlobalSection(SolutionProperties) = preSolution
		HideSolutionNode = FALSE
	EndGlobalSection
	GlobalSection(ExtensibilityGlobals) = postSolution
		SolutionGuid = {AD8AD487-BA33-4D28-85F6-39AAA6150710}
	EndGlobalSection
EndGlobal
